
Microsoft Visual Studio Solution File, Format Version 12.00
# Visual Studio 15
VisualStudioVersion = 15.0.28307.1022
MinimumVisualStudioVersion = 10.0.40219.1
Project("{FAE04EC0-301F-11D3-BF4B-00C04F79EFBC}") = "ChatServerSide", "ChatServerSide\ChatServerSide.csproj", "{976D5218-44C6-48F9-A0A9-0AA1DFBC2F4A}"
EndProject
Project("{FAE04EC0-301F-11D3-BF4B-00C04F79EFBC}") = "ChatCommonInfo", "..\ChatCommoInfo\ChatCommoInfo\ChatCommonInfo.csproj", "{0A917B25-C154-401D-B873-FC2160AAE169}"
EndProject
Project("{FAE04EC0-301F-11D3-BF4B-00C04F79EFBC}") = "ChatCommoInfo", "..\ChatCommonInfo\ChatCommoInfo\ChatCommoInfo.csproj", "{FEA08BFC-3072-4556-A71C-B1B115D40D2E}"
EndProject
Global
	GlobalSection(SolutionConfigurationPlatforms) = preSolution
		Debug|Any CPU = Debug|Any CPU
		Release|Any CPU = Release|Any CPU
	EndGlobalSection
	GlobalSection(ProjectConfigurationPlatforms) = postSolution
		{976D5218-44C6-48F9-A0A9-0AA1DFBC2F4A}.Debug|Any CPU.ActiveCfg = Debug|Any CPU
		{976D5218-44C6-48F9-A0A9-0AA1DFBC2F4A}.Debug|Any CPU.Build.0 = Debug|Any CPU
		{976D5218-44C6-48F9-A0A9-0AA1DFBC2F4A}.Release|Any CPU.ActiveCfg = Release|Any CPU
		{976D5218-44C6-48F9-A0A9-0AA1DFBC2F4A}.Release|Any CPU.Build.0 = Release|Any CPU
		{0A917B25-C154-401D-B873-FC2160AAE169}.Debug|Any CPU.ActiveCfg = Debug|Any CPU
		{0A917B25-C154-401D-B873-FC2160AAE169}.Debug|Any CPU.Build.0 = Debug|Any CPU
		{0A917B25-C154-401D-B873-FC2160AAE169}.Release|Any CPU.ActiveCfg = Release|Any CPU
		{0A917B25-C154-401D-B873-FC2160AAE169}.Release|Any CPU.Build.0 = Release|Any CPU
		{FEA08BFC-3072-4556-A71C-B1B115D40D2E}.Debug|Any CPU.ActiveCfg = Debug|Any CPU
		{FEA08BFC-3072-4556-A71C-B1B115D40D2E}.Debug|Any CPU.Build.0 = Debug|Any CPU
		{FEA08BFC-3072-4556-A71C-B1B115D40D2E}.Release|Any CPU.ActiveCfg = Release|Any CPU
		{FEA08BFC-3072-4556-A71C-B1B115D40D2E}.Release|Any CPU.Build.0 = Release|Any CPU
	EndGlobalSection
	GlobalSection(SolutionProperties) = preSolution
		HideSolutionNode = FALSE
	EndGlobalSection
	GlobalSection(ExtensibilityGlobals) = postSolution
		SolutionGuid = {B0379D29-5EFB-4CA4-AB96-B10FBD7599CC}
	EndGlobalSection
EndGlobal
