
Microsoft Visual Studio Solution File, Format Version 12.00
# Visual Studio 15
VisualStudioVersion = 15.0.28307.1022
MinimumVisualStudioVersion = 10.0.40219.1
Project("{FAE04EC0-301F-11D3-BF4B-00C04F79EFBC}") = "ChatCommoInfo", "ChatCommoInfo\ChatCommoInfo.csproj", "{0A917B25-C154-401D-B873-FC2160AAE169}"
EndProject
Global
	GlobalSection(SolutionConfigurationPlatforms) = preSolution
		Debug|Any CPU = Debug|Any CPU
		Release|Any CPU = Release|Any CPU
	EndGlobalSection
	GlobalSection(ProjectConfigurationPlatforms) = postSolution
		{0A917B25-C154-401D-B873-FC2160AAE169}.Debug|Any CPU.ActiveCfg = Debug|Any CPU
		{0A917B25-C154-401D-B873-FC2160AAE169}.Debug|Any CPU.Build.0 = Debug|Any CPU
		{0A917B25-C154-401D-B873-FC2160AAE169}.Release|Any CPU.ActiveCfg = Release|Any CPU
		{0A917B25-C154-401D-B873-FC2160AAE169}.Release|Any CPU.Build.0 = Release|Any CPU
	EndGlobalSection
	GlobalSection(SolutionProperties) = preSolution
		HideSolutionNode = FALSE
	EndGlobalSection
	GlobalSection(ExtensibilityGlobals) = postSolution
		SolutionGuid = {F66968AC-CDDD-42AA-910F-017E04BF80B8}
	EndGlobalSection
EndGlobal
