
Microsoft Visual Studio Solution File, Format Version 12.00
# Visual Studio 15
VisualStudioVersion = 15.0.28307.1022
MinimumVisualStudioVersion = 10.0.40219.1
Project("{FAE04EC0-301F-11D3-BF4B-00C04F79EFBC}") = "ClientHTTP", "ClientHTTP\ClientHTTP.csproj", "{787FD3E8-E264-40C4-9908-D707A207A529}"
EndProject
Global
	GlobalSection(SolutionConfigurationPlatforms) = preSolution
		Debug|Any CPU = Debug|Any CPU
		Release|Any CPU = Release|Any CPU
	EndGlobalSection
	GlobalSection(ProjectConfigurationPlatforms) = postSolution
		{787FD3E8-E264-40C4-9908-D707A207A529}.Debug|Any CPU.ActiveCfg = Debug|Any CPU
		{787FD3E8-E264-40C4-9908-D707A207A529}.Debug|Any CPU.Build.0 = Debug|Any CPU
		{787FD3E8-E264-40C4-9908-D707A207A529}.Release|Any CPU.ActiveCfg = Release|Any CPU
		{787FD3E8-E264-40C4-9908-D707A207A529}.Release|Any CPU.Build.0 = Release|Any CPU
	EndGlobalSection
	GlobalSection(SolutionProperties) = preSolution
		HideSolutionNode = FALSE
	EndGlobalSection
	GlobalSection(ExtensibilityGlobals) = postSolution
		SolutionGuid = {17604467-4F74-4233-A350-9585F79968F3}
	EndGlobalSection
EndGlobal
